
Microsoft Visual Studio Solution File, Format Version 12.00
# Visual Studio Version 16
VisualStudioVersion = 16.0.30413.136
MinimumVisualStudioVersion = 10.0.40219.1
Project("{FAE04EC0-301F-11D3-BF4B-00C04F79EFBC}") = "OOP-Tafuro-Tests", "OOP-Tafuro-Tests\OOP-Tafuro-Tests.csproj", "{91495D9A-C06D-4617-B06A-BDA9FF2761D5}"
EndProject
Project("{9A19103F-16F7-4668-BE54-9A1E7A4F7556}") = "OOP-Tafuro", "OOP-Tafuro\OOP-Tafuro.csproj", "{2897B3CC-8EB2-46E3-9BCA-D7C688A5CEE8}"
EndProject
Global
	GlobalSection(SolutionConfigurationPlatforms) = preSolution
		Debug|Any CPU = Debug|Any CPU
		Release|Any CPU = Release|Any CPU
	EndGlobalSection
	GlobalSection(ProjectConfigurationPlatforms) = postSolution
		{91495D9A-C06D-4617-B06A-BDA9FF2761D5}.Debug|Any CPU.ActiveCfg = Debug|Any CPU
		{91495D9A-C06D-4617-B06A-BDA9FF2761D5}.Debug|Any CPU.Build.0 = Debug|Any CPU
		{91495D9A-C06D-4617-B06A-BDA9FF2761D5}.Release|Any CPU.ActiveCfg = Release|Any CPU
		{91495D9A-C06D-4617-B06A-BDA9FF2761D5}.Release|Any CPU.Build.0 = Release|Any CPU
		{2897B3CC-8EB2-46E3-9BCA-D7C688A5CEE8}.Debug|Any CPU.ActiveCfg = Debug|Any CPU
		{2897B3CC-8EB2-46E3-9BCA-D7C688A5CEE8}.Debug|Any CPU.Build.0 = Debug|Any CPU
		{2897B3CC-8EB2-46E3-9BCA-D7C688A5CEE8}.Release|Any CPU.ActiveCfg = Release|Any CPU
		{2897B3CC-8EB2-46E3-9BCA-D7C688A5CEE8}.Release|Any CPU.Build.0 = Release|Any CPU
	EndGlobalSection
	GlobalSection(SolutionProperties) = preSolution
		HideSolutionNode = FALSE
	EndGlobalSection
	GlobalSection(ExtensibilityGlobals) = postSolution
		SolutionGuid = {33474EED-0399-4E08-9BD9-3B61A7D66B38}
	EndGlobalSection
EndGlobal
